// !$*UTF8*$!
{
	archiveVersion = 1;
	classes = {
	};
	objectVersion = 77;
	objects = {

/* Begin PBXContainerItemProxy section */
		A67658CC2DB1D3160070939F /* PBXContainerItemProxy */ = {
			isa = PBXContainerItemProxy;
			containerPortal = A67658AE2DB1D3150070939F /* Project object */;
			proxyType = 1;
			remoteGlobalIDString = A67658B52DB1D3150070939F;
			remoteInfo = GestorArchivosIPN;
		};
		A67658D62DB1D3160070939F /* PBXContainerItemProxy */ = {
			isa = PBXContainerItemProxy;
			containerPortal = A67658AE2DB1D3150070939F /* Project object */;
			proxyType = 1;
			remoteGlobalIDString = A67658B52DB1D3150070939F;
			remoteInfo = GestorArchivosIPN;
		};
/* End PBXContainerItemProxy section */

/* Begin PBXFileReference section */
		A67658B62DB1D3150070939F /* GestorArchivosIPN.app */ = {isa = PBXFileReference; explicitFileType = wrapper.application; includeInIndex = 0; path = GestorArchivosIPN.app; sourceTree = BUILT_PRODUCTS_DIR; };
		A67658CB2DB1D3160070939F /* GestorArchivosIPNTests.xctest */ = {isa = PBXFileReference; explicitFileType = wrapper.cfbundle; includeInIndex = 0; path = GestorArchivosIPNTests.xctest; sourceTree = BUILT_PRODUCTS_DIR; };
		A67658D52DB1D3160070939F /* GestorArchivosIPNUITests.xctest */ = {isa = PBXFileReference; explicitFileType = wrapper.cfbundle; includeInIndex = 0; path = GestorArchivosIPNUITests.xctest; sourceTree = BUILT_PRODUCTS_DIR; };
/* End PBXFileReference section */

/* Begin PBXFileSystemSynchronizedRootGroup section */
		A67658B82DB1D3150070939F /* GestorArchivosIPN */ = {
			isa = PBXFileSystemSynchronizedRootGroup;
			path = GestorArchivosIPN;
			sourceTree = "<group>";
		};
		A67658CE2DB1D3160070939F /* GestorArchivosIPNTests */ = {
			isa = PBXFileSystemSynchronizedRootGroup;
			path = GestorArchivosIPNTests;
			sourceTree = "<group>";
		};
		A67658D82DB1D3160070939F /* GestorArchivosIPNUITests */ = {
			isa = PBXFileSystemSynchronizedRootGroup;
			path = GestorArchivosIPNUITests;
			sourceTree = "<group>";
		};
/* End PBXFileSystemSynchronizedRootGroup section */

/* Begin PBXFrameworksBuildPhase section */
		A67658B32DB1D3150070939F /* Frameworks */ = {
			isa = PBXFrameworksBuildPhase;
			buildActionMask = 2147483647;
			files = (
			);
			runOnlyForDeploymentPostprocessing = 0;
		};
		A67658C82DB1D3160070939F /* Frameworks */ = {
			isa = PBXFrameworksBuildPhase;
			buildActionMask = 2147483647;
			files = (
			);
			runOnlyForDeploymentPostprocessing = 0;
		};
		A67658D22DB1D3160070939F /* Frameworks */ = {
			isa = PBXFrameworksBuildPhase;
			buildActionMask = 2147483647;
			files = (
			);
			runOnlyForDeploymentPostprocessing = 0;
		};
/* End PBXFrameworksBuildPhase section */

/* Begin PBXGroup section */
		A67658AD2DB1D3150070939F = {
			isa = PBXGroup;
			children = (
				A67658B82DB1D3150070939F /* GestorArchivosIPN */,
				A67658CE2DB1D3160070939F /* GestorArchivosIPNTests */,
				A67658D82DB1D3160070939F /* GestorArchivosIPNUITests */,
				A67658B72DB1D3150070939F /* Products */,
			);
			sourceTree = "<group>";
		};
		A67658B72DB1D3150070939F /* Products */ = {
			isa = PBXGroup;
			children = (
				A67658B62DB1D3150070939F /* GestorArchivosIPN.app */,
				A67658CB2DB1D3160070939F /* GestorArchivosIPNTests.xctest */,
				A67658D52DB1D3160070939F /* GestorArchivosIPNUITests.xctest */,
			);
			name = Products;
			sourceTree = "<group>";
		};
/* End PBXGroup section */

/* Begin PBXNativeTarget section */
		A67658B52DB1D3150070939F /* GestorArchivosIPN */ = {
			isa = PBXNativeTarget;
			buildConfigurationList = A67658DF2DB1D3160070939F /* Build configuration list for PBXNativeTarget "GestorArchivosIPN" */;
			buildPhases = (
				A67658B22DB1D3150070939F /* Sources */,
				A67658B32DB1D3150070939F /* Frameworks */,
				A67658B42DB1D3150070939F /* Resources */,
			);
			buildRules = (
			);
			dependencies = (
			);
			fileSystemSynchronizedGroups = (
				A67658B82DB1D3150070939F /* GestorArchivosIPN */,
			);
			name = GestorArchivosIPN;
			packageProductDependencies = (
			);
			productName = GestorArchivosIPN;
			productReference = A67658B62DB1D3150070939F /* GestorArchivosIPN.app */;
			productType = "com.apple.product-type.application";
		};
		A67658CA2DB1D3160070939F /* GestorArchivosIPNTests */ = {
			isa = PBXNativeTarget;
			buildConfigurationList = A67658E22DB1D3160070939F /* Build configuration list for PBXNativeTarget "GestorArchivosIPNTests" */;
			buildPhases = (
				A67658C72DB1D3160070939F /* Sources */,
				A67658C82DB1D3160070939F /* Frameworks */,
				A67658C92DB1D3160070939F /* Resources */,
			);
			buildRules = (
			);
			dependencies = (
				A67658CD2DB1D3160070939F /* PBXTargetDependency */,
			);
			fileSystemSynchronizedGroups = (
				A67658CE2DB1D3160070939F /* GestorArchivosIPNTests */,
			);
			name = GestorArchivosIPNTests;
			packageProductDependencies = (
			);
			productName = GestorArchivosIPNTests;
			productReference = A67658CB2DB1D3160070939F /* GestorArchivosIPNTests.xctest */;
			productType = "com.apple.product-type.bundle.unit-test";
		};
		A67658D42DB1D3160070939F /* GestorArchivosIPNUITests */ = {
			isa = PBXNativeTarget;
			buildConfigurationList = A67658E52DB1D3160070939F /* Build configuration list for PBXNativeTarget "GestorArchivosIPNUITests" */;
			buildPhases = (
				A67658D12DB1D3160070939F /* Sources */,
				A67658D22DB1D3160070939F /* Frameworks */,
				A67658D32DB1D3160070939F /* Resources */,
			);
			buildRules = (
			);
			dependencies = (
				A67658D72DB1D3160070939F /* PBXTargetDependency */,
			);
			fileSystemSynchronizedGroups = (
				A67658D82DB1D3160070939F /* GestorArchivosIPNUITests */,
			);
			name = GestorArchivosIPNUITests;
			packageProductDependencies = (
			);
			productName = GestorArchivosIPNUITests;
			productReference = A67658D52DB1D3160070939F /* GestorArchivosIPNUITests.xctest */;
			productType = "com.apple.product-type.bundle.ui-testing";
		};
/* End PBXNativeTarget section */

/* Begin PBXProject section */
		A67658AE2DB1D3150070939F /* Project object */ = {
			isa = PBXProject;
			attributes = {
				BuildIndependentTargetsInParallel = 1;
				LastSwiftUpdateCheck = 1620;
				LastUpgradeCheck = 1620;
				TargetAttributes = {
					A67658B52DB1D3150070939F = {
						CreatedOnToolsVersion = 16.2;
					};
					A67658CA2DB1D3160070939F = {
						CreatedOnToolsVersion = 16.2;
						TestTargetID = A67658B52DB1D3150070939F;
					};
					A67658D42DB1D3160070939F = {
						CreatedOnToolsVersion = 16.2;
						TestTargetID = A67658B52DB1D3150070939F;
					};
				};
			};
			buildConfigurationList = A67658B12DB1D3150070939F /* Build configuration list for PBXProject "GestorArchivosIPN" */;
			developmentRegion = en;
			hasScannedForEncodings = 0;
			knownRegions = (
				en,
				Base,
			);
			mainGroup = A67658AD2DB1D3150070939F;
			minimizedProjectReferenceProxies = 1;
			preferredProjectObjectVersion = 77;
			productRefGroup = A67658B72DB1D3150070939F /* Products */;
			projectDirPath = "";
			projectRoot = "";
			targets = (
				A67658B52DB1D3150070939F /* GestorArchivosIPN */,
				A67658CA2DB1D3160070939F /* GestorArchivosIPNTests */,
				A67658D42DB1D3160070939F /* GestorArchivosIPNUITests */,
			);
		};
/* End PBXProject section */

/* Begin PBXResourcesBuildPhase section */
		A67658B42DB1D3150070939F /* Resources */ = {
			isa = PBXResourcesBuildPhase;
			buildActionMask = 2147483647;
			files = (
			);
			runOnlyForDeploymentPostprocessing = 0;
		};
		A67658C92DB1D3160070939F /* Resources */ = {
			isa = PBXResourcesBuildPhase;
			buildActionMask = 2147483647;
			files = (
			);
			runOnlyForDeploymentPostprocessing = 0;
		};
		A67658D32DB1D3160070939F /* Resources */ = {
			isa = PBXResourcesBuildPhase;
			buildActionMask = 2147483647;
			files = (
			);
			runOnlyForDeploymentPostprocessing = 0;
		};
/* End PBXResourcesBuildPhase section */

/* Begin PBXSourcesBuildPhase section */
		A67658B22DB1D3150070939F /* Sources */ = {
			isa = PBXSourcesBuildPhase;
			buildActionMask = 2147483647;
			files = (
			);
			runOnlyForDeploymentPostprocessing = 0;
		};
		A67658C72DB1D3160070939F /* Sources */ = {
			isa = PBXSourcesBuildPhase;
			buildActionMask = 2147483647;
			files = (
			);
			runOnlyForDeploymentPostprocessing = 0;
		};
		A67658D12DB1D3160070939F /* Sources */ = {
			isa = PBXSourcesBuildPhase;
			buildActionMask = 2147483647;
			files = (
			);
			runOnlyForDeploymentPostprocessing = 0;
		};
/* End PBXSourcesBuildPhase section */

/* Begin PBXTargetDependency section */
		A67658CD2DB1D3160070939F /* PBXTargetDependency */ = {
			isa = PBXTargetDependency;
			target = A67658B52DB1D3150070939F /* GestorArchivosIPN */;
			targetProxy = A67658CC2DB1D3160070939F /* PBXContainerItemProxy */;
		};
		A67658D72DB1D3160070939F /* PBXTargetDependency */ = {
			isa = PBXTargetDependency;
			target = A67658B52DB1D3150070939F /* GestorArchivosIPN */;
			targetProxy = A67658D62DB1D3160070939F /* PBXContainerItemProxy */;
		};
/* End PBXTargetDependency section */

/* Begin XCBuildConfiguration section */
		A67658DD2DB1D3160070939F /* Debug */ = {
			isa = XCBuildConfiguration;
			buildSettings = {
				ALWAYS_SEARCH_USER_PATHS = NO;
				ASSETCATALOG_COMPILER_GENERATE_SWIFT_ASSET_SYMBOL_EXTENSIONS = YES;
				CLANG_ANALYZER_NONNULL = YES;
				CLANG_ANALYZER_NUMBER_OBJECT_CONVERSION = YES_AGGRESSIVE;
				CLANG_CXX_LANGUAGE_STANDARD = "gnu++20";
				CLANG_ENABLE_MODULES = YES;
				CLANG_ENABLE_OBJC_ARC = YES;
				CLANG_ENABLE_OBJC_WEAK = YES;
				CLANG_WARN_BLOCK_CAPTURE_AUTORELEASING = YES;
				CLANG_WARN_BOOL_CONVERSION = YES;
				CLANG_WARN_COMMA = YES;
				CLANG_WARN_CONSTANT_CONVERSION = YES;
				CLANG_WARN_DEPRECATED_OBJC_IMPLEMENTATIONS = YES;
				CLANG_WARN_DIRECT_OBJC_ISA_USAGE = YES_ERROR;
				CLANG_WARN_DOCUMENTATION_COMMENTS = YES;
				CLANG_WARN_EMPTY_BODY = YES;
				CLANG_WARN_ENUM_CONVERSION = YES;
				CLANG_WARN_INFINITE_RECURSION = YES;
				CLANG_WARN_INT_CONVERSION = YES;
				CLANG_WARN_NON_LITERAL_NULL_CONVERSION = YES;
				CLANG_WARN_OBJC_IMPLICIT_RETAIN_SELF = YES;
				CLANG_WARN_OBJC_LITERAL_CONVERSION = YES;
				CLANG_WARN_OBJC_ROOT_CLASS = YES_ERROR;
				CLANG_WARN_QUOTED_INCLUDE_IN_FRAMEWORK_HEADER = YES;
				CLANG_WARN_RANGE_LOOP_ANALYSIS = YES;
				CLANG_WARN_STRICT_PROTOTYPES = YES;
				CLANG_WARN_SUSPICIOUS_MOVE = YES;
				CLANG_WARN_UNGUARDED_AVAILABILITY = YES_AGGRESSIVE;
				CLANG_WARN_UNREACHABLE_CODE = YES;
				CLANG_WARN__DUPLICATE_METHOD_MATCH = YES;
				COPY_PHASE_STRIP = NO;
				DEBUG_INFORMATION_FORMAT = dwarf;
				ENABLE_STRICT_OBJC_MSGSEND = YES;
				ENABLE_TESTABILITY = YES;
				ENABLE_USER_SCRIPT_SANDBOXING = YES;
				GCC_C_LANGUAGE_STANDARD = gnu17;
				GCC_DYNAMIC_NO_PIC = NO;
				GCC_NO_COMMON_BLOCKS = YES;
				GCC_OPTIMIZATION_LEVEL = 0;
				GCC_PREPROCESSOR_DEFINITIONS = (
					"DEBUG=1",
					"$(inherited)",
				);
				GCC_WARN_64_TO_32_BIT_CONVERSION = YES;
				GCC_WARN_ABOUT_RETURN_TYPE = YES_ERROR;
				GCC_WARN_UNDECLARED_SELECTOR = YES;
				GCC_WARN_UNINITIALIZED_AUTOS = YES_AGGRESSIVE;
				GCC_WARN_UNUSED_FUNCTION = YES;
				GCC_WARN_UNUSED_VARIABLE = YES;
				IPHONEOS_DEPLOYMENT_TARGET = 18.2;
				LOCALIZATION_PREFERS_STRING_CATALOGS = YES;
				MTL_ENABLE_DEBUG_INFO = INCLUDE_SOURCE;
				MTL_FAST_MATH = YES;
				ONLY_ACTIVE_ARCH = YES;
				SDKROOT = iphoneos;
				SWIFT_ACTIVE_COMPILATION_CONDITIONS = "DEBUG $(inherited)";
				SWIFT_OPTIMIZATION_LEVEL = "-Onone";
			};
			name = Debug;
		};
		A67658DE2DB1D3160070939F /* Release */ = {
			isa = XCBuildConfiguration;
			buildSettings = {
				ALWAYS_SEARCH_USER_PATHS = NO;
				ASSETCATALOG_COMPILER_GENERATE_SWIFT_ASSET_SYMBOL_EXTENSIONS = YES;
				CLANG_ANALYZER_NONNULL = YES;
				CLANG_ANALYZER_NUMBER_OBJECT_CONVERSION = YES_AGGRESSIVE;
				CLANG_CXX_LANGUAGE_STANDARD = "gnu++20";
				CLANG_ENABLE_MODULES = YES;
				CLANG_ENABLE_OBJC_ARC = YES;
				CLANG_ENABLE_OBJC_WEAK = YES;
				CLANG_WARN_BLOCK_CAPTURE_AUTORELEASING = YES;
				CLANG_WARN_BOOL_CONVERSION = YES;
				CLANG_WARN_COMMA = YES;
				CLANG_WARN_CONSTANT_CONVERSION = YES;
				CLANG_WARN_DEPRECATED_OBJC_IMPLEMENTATIONS = YES;
				CLANG_WARN_DIRECT_OBJC_ISA_USAGE = YES_ERROR;
				CLANG_WARN_DOCUMENTATION_COMMENTS = YES;
				CLANG_WARN_EMPTY_BODY = YES;
				CLANG_WARN_ENUM_CONVERSION = YES;
				CLANG_WARN_INFINITE_RECURSION = YES;
				CLANG_WARN_INT_CONVERSION = YES;
				CLANG_WARN_NON_LITERAL_NULL_CONVERSION = YES;
				CLANG_WARN_OBJC_IMPLICIT_RETAIN_SELF = YES;
				CLANG_WARN_OBJC_LITERAL_CONVERSION = YES;
				CLANG_WARN_OBJC_ROOT_CLASS = YES_ERROR;
				CLANG_WARN_QUOTED_INCLUDE_IN_FRAMEWORK_HEADER = YES;
				CLANG_WARN_RANGE_LOOP_ANALYSIS = YES;
				CLANG_WARN_STRICT_PROTOTYPES = YES;
				CLANG_WARN_SUSPICIOUS_MOVE = YES;
				CLANG_WARN_UNGUARDED_AVAILABILITY = YES_AGGRESSIVE;
				CLANG_WARN_UNREACHABLE_CODE = YES;
				CLANG_WARN__DUPLICATE_METHOD_MATCH = YES;
				COPY_PHASE_STRIP = NO;
				DEBUG_INFORMATION_FORMAT = "dwarf-with-dsym";
				ENABLE_NS_ASSERTIONS = NO;
				ENABLE_STRICT_OBJC_MSGSEND = YES;
				ENABLE_USER_SCRIPT_SANDBOXING = YES;
				GCC_C_LANGUAGE_STANDARD = gnu17;
				GCC_NO_COMMON_BLOCKS = YES;
				GCC_WARN_64_TO_32_BIT_CONVERSION = YES;
				GCC_WARN_ABOUT_RETURN_TYPE = YES_ERROR;
				GCC_WARN_UNDECLARED_SELECTOR = YES;
				GCC_WARN_UNINITIALIZED_AUTOS = YES_AGGRESSIVE;
				GCC_WARN_UNUSED_FUNCTION = YES;
				GCC_WARN_UNUSED_VARIABLE = YES;
				IPHONEOS_DEPLOYMENT_TARGET = 18.2;
				LOCALIZATION_PREFERS_STRING_CATALOGS = YES;
				MTL_ENABLE_DEBUG_INFO = NO;
				MTL_FAST_MATH = YES;
				SDKROOT = iphoneos;
				SWIFT_COMPILATION_MODE = wholemodule;
				VALIDATE_PRODUCT = YES;
			};
			name = Release;
		};
		A67658E02DB1D3160070939F /* Debug */ = {
			isa = XCBuildConfiguration;
			buildSettings = {
				ASSETCATALOG_COMPILER_APPICON_NAME = AppIcon;
				ASSETCATALOG_COMPILER_GLOBAL_ACCENT_COLOR_NAME = AccentColor;
				CODE_SIGN_STYLE = Automatic;
				CURRENT_PROJECT_VERSION = 1;
				DEVELOPMENT_ASSET_PATHS = "\"GestorArchivosIPN/Preview Content\"";
				ENABLE_PREVIEWS = YES;
				GENERATE_INFOPLIST_FILE = YES;
				INFOPLIST_KEY_UIApplicationSceneManifest_Generation = YES;
				INFOPLIST_KEY_UIApplicationSupportsIndirectInputEvents = YES;
				INFOPLIST_KEY_UILaunchScreen_Generation = YES;
				INFOPLIST_KEY_UISupportedInterfaceOrientations_iPad = "UIInterfaceOrientationPortrait UIInterfaceOrientationPortraitUpsideDown UIInterfaceOrientationLandscapeLeft UIInterfaceOrientationLandscapeRight";
				INFOPLIST_KEY_UISupportedInterfaceOrientations_iPhone = "UIInterfaceOrientationPortrait UIInterfaceOrientationLandscapeLeft UIInterfaceOrientationLandscapeRight";
				LD_RUNPATH_SEARCH_PATHS = (
					"$(inherited)",
					"@executable_path/Frameworks",
				);
				MARKETING_VERSION = 1.0;
				PRODUCT_BUNDLE_IDENTIFIER = com.giovanni.GestorArchivosIPN;
				PRODUCT_NAME = "$(TARGET_NAME)";
				SWIFT_EMIT_LOC_STRINGS = YES;
				SWIFT_VERSION = 5.0;
				TARGETED_DEVICE_FAMILY = "1,2";
			};
			name = Debug;
		};
		A67658E12DB1D3160070939F /* Release */ = {
			isa = XCBuildConfiguration;
			buildSettings = {
				ASSETCATALOG_COMPILER_APPICON_NAME = AppIcon;
				ASSETCATALOG_COMPILER_GLOBAL_ACCENT_COLOR_NAME = AccentColor;
				CODE_SIGN_STYLE = Automatic;
				CURRENT_PROJECT_VERSION = 1;
				DEVELOPMENT_ASSET_PATHS = "\"GestorArchivosIPN/Preview Content\"";
				ENABLE_PREVIEWS = YES;
				GENERATE_INFOPLIST_FILE = YES;
				INFOPLIST_KEY_UIApplicationSceneManifest_Generation = YES;
				INFOPLIST_KEY_UIApplicationSupportsIndirectInputEvents = YES;
				INFOPLIST_KEY_UILaunchScreen_Generation = YES;
				INFOPLIST_KEY_UISupportedInterfaceOrientations_iPad = "UIInterfaceOrientationPortrait UIInterfaceOrientationPortraitUpsideDown UIInterfaceOrientationLandscapeLeft UIInterfaceOrientationLandscapeRight";
				INFOPLIST_KEY_UISupportedInterfaceOrientations_iPhone = "UIInterfaceOrientationPortrait UIInterfaceOrientationLandscapeLeft UIInterfaceOrientationLandscapeRight";
				LD_RUNPATH_SEARCH_PATHS = (
					"$(inherited)",
					"@executable_path/Frameworks",
				);
				MARKETING_VERSION = 1.0;
				PRODUCT_BUNDLE_IDENTIFIER = com.giovanni.GestorArchivosIPN;
				PRODUCT_NAME = "$(TARGET_NAME)";
				SWIFT_EMIT_LOC_STRINGS = YES;
				SWIFT_VERSION = 5.0;
				TARGETED_DEVICE_FAMILY = "1,2";
			};
			name = Release;
		};
		A67658E32DB1D3160070939F /* Debug */ = {
			isa = XCBuildConfiguration;
			buildSettings = {
				BUNDLE_LOADER = "$(TEST_HOST)";
				CODE_SIGN_STYLE = Automatic;
				CURRENT_PROJECT_VERSION = 1;
				GENERATE_INFOPLIST_FILE = YES;
				IPHONEOS_DEPLOYMENT_TARGET = 18.2;
				MARKETING_VERSION = 1.0;
				PRODUCT_BUNDLE_IDENTIFIER = com.giovanni.GestorArchivosIPNTests;
				PRODUCT_NAME = "$(TARGET_NAME)";
				SWIFT_EMIT_LOC_STRINGS = NO;
				SWIFT_VERSION = 5.0;
				TARGETED_DEVICE_FAMILY = "1,2";
				TEST_HOST = "$(BUILT_PRODUCTS_DIR)/GestorArchivosIPN.app/$(BUNDLE_EXECUTABLE_FOLDER_PATH)/GestorArchivosIPN";
			};
			name = Debug;
		};
		A67658E42DB1D3160070939F /* Release */ = {
			isa = XCBuildConfiguration;
			buildSettings = {
				BUNDLE_LOADER = "$(TEST_HOST)";
				CODE_SIGN_STYLE = Automatic;
				CURRENT_PROJECT_VERSION = 1;
				GENERATE_INFOPLIST_FILE = YES;
				IPHONEOS_DEPLOYMENT_TARGET = 18.2;
				MARKETING_VERSION = 1.0;
				PRODUCT_BUNDLE_IDENTIFIER = com.giovanni.GestorArchivosIPNTests;
				PRODUCT_NAME = "$(TARGET_NAME)";
				SWIFT_EMIT_LOC_STRINGS = NO;
				SWIFT_VERSION = 5.0;
				TARGETED_DEVICE_FAMILY = "1,2";
				TEST_HOST = "$(BUILT_PRODUCTS_DIR)/GestorArchivosIPN.app/$(BUNDLE_EXECUTABLE_FOLDER_PATH)/GestorArchivosIPN";
			};
			name = Release;
		};
		A67658E62DB1D3160070939F /* Debug */ = {
			isa = XCBuildConfiguration;
			buildSettings = {
				CODE_SIGN_STYLE = Automatic;
				CURRENT_PROJECT_VERSION = 1;
				GENERATE_INFOPLIST_FILE = YES;
				MARKETING_VERSION = 1.0;
				PRODUCT_BUNDLE_IDENTIFIER = com.giovanni.GestorArchivosIPNUITests;
				PRODUCT_NAME = "$(TARGET_NAME)";
				SWIFT_EMIT_LOC_STRINGS = NO;
				SWIFT_VERSION = 5.0;
				TARGETED_DEVICE_FAMILY = "1,2";
				TEST_TARGET_NAME = GestorArchivosIPN;
			};
			name = Debug;
		};
		A67658E72DB1D3160070939F /* Release */ = {
			isa = XCBuildConfiguration;
			buildSettings = {
				CODE_SIGN_STYLE = Automatic;
				CURRENT_PROJECT_VERSION = 1;
				GENERATE_INFOPLIST_FILE = YES;
				MARKETING_VERSION = 1.0;
				PRODUCT_BUNDLE_IDENTIFIER = com.giovanni.GestorArchivosIPNUITests;
				PRODUCT_NAME = "$(TARGET_NAME)";
				SWIFT_EMIT_LOC_STRINGS = NO;
				SWIFT_VERSION = 5.0;
				TARGETED_DEVICE_FAMILY = "1,2";
				TEST_TARGET_NAME = GestorArchivosIPN;
			};
			name = Release;
		};
/* End XCBuildConfiguration section */

/* Begin XCConfigurationList section */
		A67658B12DB1D3150070939F /* Build configuration list for PBXProject "GestorArchivosIPN" */ = {
			isa = XCConfigurationList;
			buildConfigurations = (
				A67658DD2DB1D3160070939F /* Debug */,
				A67658DE2DB1D3160070939F /* Release */,
			);
			defaultConfigurationIsVisible = 0;
			defaultConfigurationName = Release;
		};
		A67658DF2DB1D3160070939F /* Build configuration list for PBXNativeTarget "GestorArchivosIPN" */ = {
			isa = XCConfigurationList;
			buildConfigurations = (
				A67658E02DB1D3160070939F /* Debug */,
				A67658E12DB1D3160070939F /* Release */,
			);
			defaultConfigurationIsVisible = 0;
			defaultConfigurationName = Release;
		};
		A67658E22DB1D3160070939F /* Build configuration list for PBXNativeTarget "GestorArchivosIPNTests" */ = {
			isa = XCConfigurationList;
			buildConfigurations = (
				A67658E32DB1D3160070939F /* Debug */,
				A67658E42DB1D3160070939F /* Release */,
			);
			defaultConfigurationIsVisible = 0;
			defaultConfigurationName = Release;
		};
		A67658E52DB1D3160070939F /* Build configuration list for PBXNativeTarget "GestorArchivosIPNUITests" */ = {
			isa = XCConfigurationList;
			buildConfigurations = (
				A67658E62DB1D3160070939F /* Debug */,
				A67658E72DB1D3160070939F /* Release */,
			);
			defaultConfigurationIsVisible = 0;
			defaultConfigurationName = Release;
		};
/* End XCConfigurationList section */
	};
	rootObject = A67658AE2DB1D3150070939F /* Project object */;
}
